
Microsoft Visual Studio Solution File, Format Version 12.00
# Visual Studio 15
VisualStudioVersion = 15.0.28307.489
MinimumVisualStudioVersion = 10.0.40219.1
Project("{2150E333-8FDC-42A3-9474-1A3956D46DE8}") = "Solution", "Solution", "{B061981A-6C81-4F96-9601-A05B7BDCABFB}"
	ProjectSection(SolutionItems) = preProject
		..\.gitignore = ..\.gitignore
		..\azure-pipelines.yml = ..\azure-pipelines.yml
		..\LICENSE = ..\LICENSE
	EndProjectSection
EndProject
Project("{2150E333-8FDC-42A3-9474-1A3956D46DE8}") = "net40", "net40", "{AB84A1F2-994E-486F-9917-0703BA50611E}"
EndProject
Project("{FAE04EC0-301F-11D3-BF4B-00C04F79EFBC}") = "Adenium", "net40\Adenium\Adenium.csproj", "{2C5BDBBA-8939-4F15-B353-AECA6BF1BC1A}"
EndProject
Project("{FAE04EC0-301F-11D3-BF4B-00C04F79EFBC}") = "Adenium.Sample.ModuleA", "net40\Adenium.Sample.ModuleA\Adenium.Sample.ModuleA.csproj", "{759BB151-62A2-4450-965E-E0396B738C86}"
EndProject
Project("{FAE04EC0-301F-11D3-BF4B-00C04F79EFBC}") = "Adenium.Sample.ModuleB", "net40\Adenium.Sample.ModuleB\Adenium.Sample.ModuleB.csproj", "{36A1E29E-FF8F-4B38-B29B-D882D78E42FD}"
EndProject
Project("{FAE04EC0-301F-11D3-BF4B-00C04F79EFBC}") = "Adenium.Sample.ModuleC", "net40\Adenium.Sample.ModuleC\Adenium.Sample.ModuleC.csproj", "{49B00DDD-1A1A-4CAF-890E-F974B97BE028}"
EndProject
Project("{FAE04EC0-301F-11D3-BF4B-00C04F79EFBC}") = "Adenium.Sample", "net40\Adenium.Sample\Adenium.Sample.csproj", "{A82078E7-205F-413B-9AFC-E653C516419F}"
EndProject
Global
	GlobalSection(SolutionConfigurationPlatforms) = preSolution
		Debug|Any CPU = Debug|Any CPU
		Release|Any CPU = Release|Any CPU
	EndGlobalSection
	GlobalSection(ProjectConfigurationPlatforms) = postSolution
		{2C5BDBBA-8939-4F15-B353-AECA6BF1BC1A}.Debug|Any CPU.ActiveCfg = Debug|Any CPU
		{2C5BDBBA-8939-4F15-B353-AECA6BF1BC1A}.Debug|Any CPU.Build.0 = Debug|Any CPU
		{2C5BDBBA-8939-4F15-B353-AECA6BF1BC1A}.Release|Any CPU.ActiveCfg = Release|Any CPU
		{2C5BDBBA-8939-4F15-B353-AECA6BF1BC1A}.Release|Any CPU.Build.0 = Release|Any CPU
		{759BB151-62A2-4450-965E-E0396B738C86}.Debug|Any CPU.ActiveCfg = Debug|Any CPU
		{759BB151-62A2-4450-965E-E0396B738C86}.Debug|Any CPU.Build.0 = Debug|Any CPU
		{759BB151-62A2-4450-965E-E0396B738C86}.Release|Any CPU.ActiveCfg = Release|Any CPU
		{36A1E29E-FF8F-4B38-B29B-D882D78E42FD}.Debug|Any CPU.ActiveCfg = Debug|Any CPU
		{36A1E29E-FF8F-4B38-B29B-D882D78E42FD}.Debug|Any CPU.Build.0 = Debug|Any CPU
		{36A1E29E-FF8F-4B38-B29B-D882D78E42FD}.Release|Any CPU.ActiveCfg = Release|Any CPU
		{49B00DDD-1A1A-4CAF-890E-F974B97BE028}.Debug|Any CPU.ActiveCfg = Debug|Any CPU
		{49B00DDD-1A1A-4CAF-890E-F974B97BE028}.Debug|Any CPU.Build.0 = Debug|Any CPU
		{49B00DDD-1A1A-4CAF-890E-F974B97BE028}.Release|Any CPU.ActiveCfg = Release|Any CPU
		{A82078E7-205F-413B-9AFC-E653C516419F}.Debug|Any CPU.ActiveCfg = Debug|Any CPU
		{A82078E7-205F-413B-9AFC-E653C516419F}.Debug|Any CPU.Build.0 = Debug|Any CPU
		{A82078E7-205F-413B-9AFC-E653C516419F}.Release|Any CPU.ActiveCfg = Release|Any CPU
	EndGlobalSection
	GlobalSection(SolutionProperties) = preSolution
		HideSolutionNode = FALSE
	EndGlobalSection
	GlobalSection(NestedProjects) = preSolution
		{2C5BDBBA-8939-4F15-B353-AECA6BF1BC1A} = {AB84A1F2-994E-486F-9917-0703BA50611E}
		{759BB151-62A2-4450-965E-E0396B738C86} = {AB84A1F2-994E-486F-9917-0703BA50611E}
		{36A1E29E-FF8F-4B38-B29B-D882D78E42FD} = {AB84A1F2-994E-486F-9917-0703BA50611E}
		{49B00DDD-1A1A-4CAF-890E-F974B97BE028} = {AB84A1F2-994E-486F-9917-0703BA50611E}
		{A82078E7-205F-413B-9AFC-E653C516419F} = {AB84A1F2-994E-486F-9917-0703BA50611E}
	EndGlobalSection
	GlobalSection(ExtensibilityGlobals) = postSolution
		SolutionGuid = {2D9650CE-99D5-4E30-BB8C-FF8A3152AC79}
	EndGlobalSection
EndGlobal
