
Microsoft Visual Studio Solution File, Format Version 12.00
# Visual Studio Version 16
VisualStudioVersion = 16.0.29418.71
MinimumVisualStudioVersion = 10.0.40219.1
Project("{FAE04EC0-301F-11D3-BF4B-00C04F79EFBC}") = "Adenium.Sample", "Adenium.Sample\Adenium.Sample.csproj", "{70DC53A7-90BE-4C62-98CA-60C88C57135E}"
EndProject
Project("{FAE04EC0-301F-11D3-BF4B-00C04F79EFBC}") = "Adenium", "Adenium\Adenium.csproj", "{8ABFD019-E257-4896-A31C-CF180936D329}"
EndProject
Project("{FAE04EC0-301F-11D3-BF4B-00C04F79EFBC}") = "Adenium.Sample.ModuleA", "Adenium.Sample.ModuleA\Adenium.Sample.ModuleA.csproj", "{C05CA1DD-92FC-458F-87E5-EDC4DEDCE6DA}"
EndProject
Project("{FAE04EC0-301F-11D3-BF4B-00C04F79EFBC}") = "Adenium.Sample.ModuleB", "Adenium.Sample.ModuleB\Adenium.Sample.ModuleB.csproj", "{AB337A97-2A48-4419-886D-5242646AD62F}"
EndProject
Project("{FAE04EC0-301F-11D3-BF4B-00C04F79EFBC}") = "Adenium.Sample.ModuleC", "Adenium.Sample.ModuleC\Adenium.Sample.ModuleC.csproj", "{01373792-7E44-4565-9A48-3F8C65C08AC1}"
EndProject
Global
	GlobalSection(SolutionConfigurationPlatforms) = preSolution
		Debug|Any CPU = Debug|Any CPU
		Release|Any CPU = Release|Any CPU
	EndGlobalSection
	GlobalSection(ProjectConfigurationPlatforms) = postSolution
		{70DC53A7-90BE-4C62-98CA-60C88C57135E}.Debug|Any CPU.ActiveCfg = Debug|Any CPU
		{70DC53A7-90BE-4C62-98CA-60C88C57135E}.Debug|Any CPU.Build.0 = Debug|Any CPU
		{70DC53A7-90BE-4C62-98CA-60C88C57135E}.Release|Any CPU.ActiveCfg = Release|Any CPU
		{70DC53A7-90BE-4C62-98CA-60C88C57135E}.Release|Any CPU.Build.0 = Release|Any CPU
		{8ABFD019-E257-4896-A31C-CF180936D329}.Debug|Any CPU.ActiveCfg = Debug|Any CPU
		{8ABFD019-E257-4896-A31C-CF180936D329}.Debug|Any CPU.Build.0 = Debug|Any CPU
		{8ABFD019-E257-4896-A31C-CF180936D329}.Release|Any CPU.ActiveCfg = Release|Any CPU
		{8ABFD019-E257-4896-A31C-CF180936D329}.Release|Any CPU.Build.0 = Release|Any CPU
		{C05CA1DD-92FC-458F-87E5-EDC4DEDCE6DA}.Debug|Any CPU.ActiveCfg = Debug|Any CPU
		{C05CA1DD-92FC-458F-87E5-EDC4DEDCE6DA}.Release|Any CPU.ActiveCfg = Release|Any CPU
		{C05CA1DD-92FC-458F-87E5-EDC4DEDCE6DA}.Release|Any CPU.Build.0 = Release|Any CPU
		{AB337A97-2A48-4419-886D-5242646AD62F}.Debug|Any CPU.ActiveCfg = Debug|Any CPU
		{AB337A97-2A48-4419-886D-5242646AD62F}.Release|Any CPU.ActiveCfg = Release|Any CPU
		{AB337A97-2A48-4419-886D-5242646AD62F}.Release|Any CPU.Build.0 = Release|Any CPU
		{01373792-7E44-4565-9A48-3F8C65C08AC1}.Debug|Any CPU.ActiveCfg = Debug|Any CPU
		{01373792-7E44-4565-9A48-3F8C65C08AC1}.Release|Any CPU.ActiveCfg = Release|Any CPU
		{01373792-7E44-4565-9A48-3F8C65C08AC1}.Release|Any CPU.Build.0 = Release|Any CPU
	EndGlobalSection
	GlobalSection(SolutionProperties) = preSolution
		HideSolutionNode = FALSE
	EndGlobalSection
	GlobalSection(ExtensibilityGlobals) = postSolution
		SolutionGuid = {2D9650CE-99D5-4E30-BB8C-FF8A3152AC79}
	EndGlobalSection
EndGlobal
